# Generated by pub
# See https://dart.dev/tools/pub/glossary#lockfile
packages:
  dart_console:
    dependency: transitive
    description:
      name: dart_console
      url: "https://pub.dartlang.org"
    source: hosted
    version: "1.0.0"
  ffi:
    dependency: transitive
    description:
      name: ffi
      url: "https://pub.dartlang.org"
    source: hosted
    version: "1.1.2"
  interact:
    dependency: "direct main"
    description:
      name: interact
      url: "https://pub.dartlang.org"
    source: hosted
    version: "2.1.1"
  lints:
    dependency: "direct dev"
    description:
      name: lints
      url: "https://pub.dartlang.org"
    source: hosted
    version: "1.0.1"
  meta:
    dependency: transitive
    description:
      name: meta
      url: "https://pub.dartlang.org"
    source: hosted
    version: "1.7.0"
  tint:
    dependency: transitive
    description:
      name: tint
      url: "https://pub.dartlang.org"
    source: hosted
    version: "2.0.0"
  win32:
    dependency: transitive
    description:
      name: win32
      url: "https://pub.dartlang.org"
    source: hosted
    version: "2.3.1"
sdks:
  dart: ">=2.14.4 <3.0.0"
